PODS:
  - appcheck (1.0.2):
    - Flutter
  - Flutter (1.0.0)

DEPENDENCIES:
  - appcheck (from `.symlinks/plugins/appcheck/ios`)
  - Flutter (from `Flutter`)

EXTERNAL SOURCES:
  appcheck:
    :path: ".symlinks/plugins/appcheck/ios"
  Flutter:
    :path: Flutter

SPEC CHECKSUMS:
  appcheck: 500448f657456296d9c9a318f43e2c6ca22e967b
  Flutter: 50d75fe2f02b26cc09d224853bb45737f8b3214a

PODFILE CHECKSUM: aafe91acc616949ddb318b77800a7f51bffa2a4c

COCOAPODS: 1.11.2
